
Microsoft Visual Studio Solution File, Format Version 12.00
# Visual Studio Version 16
VisualStudioVersion = 16.0.31129.286
MinimumVisualStudioVersion = 10.0.40219.1
Project("{9A19103F-16F7-4668-BE54-9A1E7A4F7556}") = "PolymorphicWebAPI", "PolymorphicWebAPI\PolymorphicWebAPI\PolymorphicWebAPI.csproj", "{989DCBFC-B30A-4866-AF54-86475D343A7B}"
	ProjectSection(ProjectDependencies) = postProject
		{5840D9AA-AA7A-4F75-AB67-0F455BDB3C2C} = {5840D9AA-AA7A-4F75-AB67-0F455BDB3C2C}
		{D339ACCA-FA8A-4DAA-8A54-5156624499A6} = {D339ACCA-FA8A-4DAA-8A54-5156624499A6}
		{E2D6C0E2-37BA-4A78-B177-3CB2BD5CC893} = {E2D6C0E2-37BA-4A78-B177-3CB2BD5CC893}
	EndProjectSection
EndProject
Project("{9A19103F-16F7-4668-BE54-9A1E7A4F7556}") = "PolymorphicWebAPI.Domain", "PolymorphicWebAPI\PolymorphicWebAPI.Domain\PolymorphicWebAPI.Domain.csproj", "{5840D9AA-AA7A-4F75-AB67-0F455BDB3C2C}"
EndProject
Project("{9A19103F-16F7-4668-BE54-9A1E7A4F7556}") = "PolymorphicWebAPI.Infrastructure", "PolymorphicWebAPI\PolymorphicWebAPI.Infrastructure\PolymorphicWebAPI.Infrastructure.csproj", "{937209F4-7EFC-4877-9A3E-CA19DEE30751}"
EndProject
Project("{9A19103F-16F7-4668-BE54-9A1E7A4F7556}") = "PolymorphicWebAPI.Persistence", "PolymorphicWebAPI\PolymorphicWebAPI.Persistence\PolymorphicWebAPI.Persistence.csproj", "{D339ACCA-FA8A-4DAA-8A54-5156624499A6}"
EndProject
Project("{9A19103F-16F7-4668-BE54-9A1E7A4F7556}") = "PolymorphicWebAPI.Service", "PolymorphicWebAPI\PolymorphicWebAPI.Service\PolymorphicWebAPI.Service.csproj", "{E2D6C0E2-37BA-4A78-B177-3CB2BD5CC893}"
EndProject
Project("{9A19103F-16F7-4668-BE54-9A1E7A4F7556}") = "PolymorphicWebAPI.Test", "PolymorphicWebAPI\PolymorphicWebAPI.Test\PolymorphicWebAPI.Test.csproj", "{416AC994-75F0-4D37-ACCF-9B307FC4149E}"
EndProject
Global
	GlobalSection(SolutionConfigurationPlatforms) = preSolution
		Debug|Any CPU = Debug|Any CPU
		Release|Any CPU = Release|Any CPU
	EndGlobalSection
	GlobalSection(ProjectConfigurationPlatforms) = postSolution
		{989DCBFC-B30A-4866-AF54-86475D343A7B}.Debug|Any CPU.ActiveCfg = Debug|Any CPU
		{989DCBFC-B30A-4866-AF54-86475D343A7B}.Debug|Any CPU.Build.0 = Debug|Any CPU
		{989DCBFC-B30A-4866-AF54-86475D343A7B}.Release|Any CPU.ActiveCfg = Release|Any CPU
		{989DCBFC-B30A-4866-AF54-86475D343A7B}.Release|Any CPU.Build.0 = Release|Any CPU
		{5840D9AA-AA7A-4F75-AB67-0F455BDB3C2C}.Debug|Any CPU.ActiveCfg = Debug|Any CPU
		{5840D9AA-AA7A-4F75-AB67-0F455BDB3C2C}.Debug|Any CPU.Build.0 = Debug|Any CPU
		{5840D9AA-AA7A-4F75-AB67-0F455BDB3C2C}.Release|Any CPU.ActiveCfg = Release|Any CPU
		{5840D9AA-AA7A-4F75-AB67-0F455BDB3C2C}.Release|Any CPU.Build.0 = Release|Any CPU
		{937209F4-7EFC-4877-9A3E-CA19DEE30751}.Debug|Any CPU.ActiveCfg = Debug|Any CPU
		{937209F4-7EFC-4877-9A3E-CA19DEE30751}.Debug|Any CPU.Build.0 = Debug|Any CPU
		{937209F4-7EFC-4877-9A3E-CA19DEE30751}.Release|Any CPU.ActiveCfg = Release|Any CPU
		{937209F4-7EFC-4877-9A3E-CA19DEE30751}.Release|Any CPU.Build.0 = Release|Any CPU
		{D339ACCA-FA8A-4DAA-8A54-5156624499A6}.Debug|Any CPU.ActiveCfg = Debug|Any CPU
		{D339ACCA-FA8A-4DAA-8A54-5156624499A6}.Debug|Any CPU.Build.0 = Debug|Any CPU
		{D339ACCA-FA8A-4DAA-8A54-5156624499A6}.Release|Any CPU.ActiveCfg = Release|Any CPU
		{D339ACCA-FA8A-4DAA-8A54-5156624499A6}.Release|Any CPU.Build.0 = Release|Any CPU
		{E2D6C0E2-37BA-4A78-B177-3CB2BD5CC893}.Debug|Any CPU.ActiveCfg = Debug|Any CPU
		{E2D6C0E2-37BA-4A78-B177-3CB2BD5CC893}.Debug|Any CPU.Build.0 = Debug|Any CPU
		{E2D6C0E2-37BA-4A78-B177-3CB2BD5CC893}.Release|Any CPU.ActiveCfg = Release|Any CPU
		{E2D6C0E2-37BA-4A78-B177-3CB2BD5CC893}.Release|Any CPU.Build.0 = Release|Any CPU
		{416AC994-75F0-4D37-ACCF-9B307FC4149E}.Debug|Any CPU.ActiveCfg = Debug|Any CPU
		{416AC994-75F0-4D37-ACCF-9B307FC4149E}.Debug|Any CPU.Build.0 = Debug|Any CPU
		{416AC994-75F0-4D37-ACCF-9B307FC4149E}.Release|Any CPU.ActiveCfg = Release|Any CPU
		{416AC994-75F0-4D37-ACCF-9B307FC4149E}.Release|Any CPU.Build.0 = Release|Any CPU
	EndGlobalSection
	GlobalSection(SolutionProperties) = preSolution
		HideSolutionNode = FALSE
	EndGlobalSection
	GlobalSection(ExtensibilityGlobals) = postSolution
		SolutionGuid = {15A155E0-DE35-4C3D-B3AF-D87B83C550F3}
	EndGlobalSection
EndGlobal
